
Microsoft Visual Studio Solution File, Format Version 9.00
# Visual Studio 2005
Project("{FAE04EC0-301F-11D3-BF4B-00C04F79EFBC}") = "SparkleShare", "SparkleShare\SparkleShare.csproj", "{728483AA-E34B-4441-BF2C-C8BC2901E4E0}"
EndProject
Project("{FAE04EC0-301F-11D3-BF4B-00C04F79EFBC}") = "notify-sharp", "notify-sharp\notify-sharp.csproj", "{005CCA8E-DFBF-464A-B6DA-452C62D4589C}"
EndProject
Global
	GlobalSection(SolutionConfigurationPlatforms) = preSolution
		Debug|Any CPU = Debug|Any CPU
		Release|Any CPU = Release|Any CPU
	EndGlobalSection
	GlobalSection(ProjectConfigurationPlatforms) = postSolution
		{005CCA8E-DFBF-464A-B6DA-452C62D4589C}.Debug|Any CPU.ActiveCfg = Debug|Any CPU
		{005CCA8E-DFBF-464A-B6DA-452C62D4589C}.Debug|Any CPU.Build.0 = Debug|Any CPU
		{005CCA8E-DFBF-464A-B6DA-452C62D4589C}.Release|Any CPU.ActiveCfg = Release|Any CPU
		{005CCA8E-DFBF-464A-B6DA-452C62D4589C}.Release|Any CPU.Build.0 = Release|Any CPU
		{728483AA-E34B-4441-BF2C-C8BC2901E4E0}.Debug|Any CPU.ActiveCfg = Debug|Any CPU
		{728483AA-E34B-4441-BF2C-C8BC2901E4E0}.Debug|Any CPU.Build.0 = Debug|Any CPU
		{728483AA-E34B-4441-BF2C-C8BC2901E4E0}.Release|Any CPU.ActiveCfg = Release|Any CPU
		{728483AA-E34B-4441-BF2C-C8BC2901E4E0}.Release|Any CPU.Build.0 = Release|Any CPU
	EndGlobalSection
	GlobalSection(MonoDevelopProperties) = preSolution
		name = SparkleShare
		version = 0.1
		StartupItem = SparkleShare\SparkleShare.csproj
	EndGlobalSection
EndGlobal
