
Microsoft Visual Studio Solution File, Format Version 11.00
# Visual Studio 2010
Project("{FAE04EC0-301F-11D3-BF4B-00C04F79EFBC}") = "SparkleShare", "SparkleShare.csproj", "{CF5BC8DB-A633-4FCC-8A3E-E3AC9B59FABC}"
EndProject
Global
	GlobalSection(SolutionConfigurationPlatforms) = preSolution
		Debug|Any CPU = Debug|Any CPU
		Release|Any CPU = Release|Any CPU
	EndGlobalSection
	GlobalSection(ProjectConfigurationPlatforms) = postSolution
		{CF5BC8DB-A633-4FCC-8A3E-E3AC9B59FABC}.Debug|Any CPU.ActiveCfg = Debug|Any CPU
		{CF5BC8DB-A633-4FCC-8A3E-E3AC9B59FABC}.Debug|Any CPU.Build.0 = Debug|Any CPU
		{CF5BC8DB-A633-4FCC-8A3E-E3AC9B59FABC}.Release|Any CPU.ActiveCfg = Release|Any CPU
		{CF5BC8DB-A633-4FCC-8A3E-E3AC9B59FABC}.Release|Any CPU.Build.0 = Release|Any CPU
	EndGlobalSection
	GlobalSection(MonoDevelopProperties) = preSolution
		StartupItem = SparkleShare.csproj
		version = 0.9.0
	EndGlobalSection
EndGlobal
