
Microsoft Visual Studio Solution File, Format Version 10.00
# Visual Studio 2008
Project("{FAE04EC0-301F-11D3-BF4B-00C04F79EFBC}") = "xslt", "xslt.csproj", "{61025396-A57B-4566-9C2D-2F6A51681A2C}"
EndProject
Global
	GlobalSection(SolutionConfigurationPlatforms) = preSolution
		Debug|Any CPU = Debug|Any CPU
		Release|Any CPU = Release|Any CPU
	EndGlobalSection
	GlobalSection(ProjectConfigurationPlatforms) = postSolution
		{61025396-A57B-4566-9C2D-2F6A51681A2C}.Debug|Any CPU.ActiveCfg = Debug|Any CPU
		{61025396-A57B-4566-9C2D-2F6A51681A2C}.Debug|Any CPU.Build.0 = Debug|Any CPU
		{61025396-A57B-4566-9C2D-2F6A51681A2C}.Release|Any CPU.ActiveCfg = Release|Any CPU
		{61025396-A57B-4566-9C2D-2F6A51681A2C}.Release|Any CPU.Build.0 = Release|Any CPU
	EndGlobalSection
	GlobalSection(SolutionProperties) = preSolution
		HideSolutionNode = FALSE
	EndGlobalSection
EndGlobal
